
Microsoft Visual Studio Solution File, Format Version 12.00
# Visual Studio 15
VisualStudioVersion = 15.0.28010.2016
MinimumVisualStudioVersion = 10.0.40219.1
Project("{FAE04EC0-301F-11D3-BF4B-00C04F79EFBC}") = "NB.Registration.API", "NB.Registration.API\NB.Registration.API.csproj", "{AF3A7933-FA59-44CD-9C69-6042858E6DAE}"
EndProject
Project("{FAE04EC0-301F-11D3-BF4B-00C04F79EFBC}") = "NB.Registration.Domain", "NB.Registration.Domain\NB.Registration.Domain.csproj", "{C093E996-B692-4E00-A3E5-6E852AE569E1}"
EndProject
Project("{FAE04EC0-301F-11D3-BF4B-00C04F79EFBC}") = "NB.Registration.Infrastructure", "NB.Registration.Infrastructure\NB.Registration.Infrastructure.csproj", "{BA72A202-7567-47E5-B731-AE5285CBCE45}"
EndProject
Project("{FAE04EC0-301F-11D3-BF4B-00C04F79EFBC}") = "NB.Registration.Repository", "NB.Registration.Repository\NB.Registration.Repository.csproj", "{46C094B7-258A-41FA-9140-7EF384C90DCB}"
EndProject
Project("{E53339B2-1760-4266-BCC7-CA923CBCF16C}") = "docker-compose", "docker-compose.dcproj", "{AED73128-E3D2-497F-9FDA-7C5852F7A8F1}"
EndProject
Global
	GlobalSection(SolutionConfigurationPlatforms) = preSolution
		Debug|Any CPU = Debug|Any CPU
		Release|Any CPU = Release|Any CPU
	EndGlobalSection
	GlobalSection(ProjectConfigurationPlatforms) = postSolution
		{AF3A7933-FA59-44CD-9C69-6042858E6DAE}.Debug|Any CPU.ActiveCfg = Debug|Any CPU
		{AF3A7933-FA59-44CD-9C69-6042858E6DAE}.Debug|Any CPU.Build.0 = Debug|Any CPU
		{AF3A7933-FA59-44CD-9C69-6042858E6DAE}.Release|Any CPU.ActiveCfg = Release|Any CPU
		{AF3A7933-FA59-44CD-9C69-6042858E6DAE}.Release|Any CPU.Build.0 = Release|Any CPU
		{C093E996-B692-4E00-A3E5-6E852AE569E1}.Debug|Any CPU.ActiveCfg = Debug|Any CPU
		{C093E996-B692-4E00-A3E5-6E852AE569E1}.Debug|Any CPU.Build.0 = Debug|Any CPU
		{C093E996-B692-4E00-A3E5-6E852AE569E1}.Release|Any CPU.ActiveCfg = Release|Any CPU
		{C093E996-B692-4E00-A3E5-6E852AE569E1}.Release|Any CPU.Build.0 = Release|Any CPU
		{BA72A202-7567-47E5-B731-AE5285CBCE45}.Debug|Any CPU.ActiveCfg = Debug|Any CPU
		{BA72A202-7567-47E5-B731-AE5285CBCE45}.Debug|Any CPU.Build.0 = Debug|Any CPU
		{BA72A202-7567-47E5-B731-AE5285CBCE45}.Release|Any CPU.ActiveCfg = Release|Any CPU
		{BA72A202-7567-47E5-B731-AE5285CBCE45}.Release|Any CPU.Build.0 = Release|Any CPU
		{46C094B7-258A-41FA-9140-7EF384C90DCB}.Debug|Any CPU.ActiveCfg = Debug|Any CPU
		{46C094B7-258A-41FA-9140-7EF384C90DCB}.Debug|Any CPU.Build.0 = Debug|Any CPU
		{46C094B7-258A-41FA-9140-7EF384C90DCB}.Release|Any CPU.ActiveCfg = Release|Any CPU
		{46C094B7-258A-41FA-9140-7EF384C90DCB}.Release|Any CPU.Build.0 = Release|Any CPU
		{AED73128-E3D2-497F-9FDA-7C5852F7A8F1}.Debug|Any CPU.ActiveCfg = Debug|Any CPU
		{AED73128-E3D2-497F-9FDA-7C5852F7A8F1}.Debug|Any CPU.Build.0 = Debug|Any CPU
		{AED73128-E3D2-497F-9FDA-7C5852F7A8F1}.Release|Any CPU.ActiveCfg = Release|Any CPU
		{AED73128-E3D2-497F-9FDA-7C5852F7A8F1}.Release|Any CPU.Build.0 = Release|Any CPU
	EndGlobalSection
	GlobalSection(SolutionProperties) = preSolution
		HideSolutionNode = FALSE
	EndGlobalSection
	GlobalSection(ExtensibilityGlobals) = postSolution
		SolutionGuid = {CCC93B8B-7C27-4E69-8E2C-06A0ACE69EE0}
	EndGlobalSection
EndGlobal
