
Microsoft Visual Studio Solution File, Format Version 12.00
# Visual Studio 15
VisualStudioVersion = 15.0.28010.2003
MinimumVisualStudioVersion = 10.0.40219.1
Project("{9A19103F-16F7-4668-BE54-9A1E7A4F7556}") = "NB.SupportPackages.DataBase", "NB.SupportPackages.DataBase\NB.SupportPackages.DataBase.csproj", "{25F4CE60-98C5-42F8-83F9-9F92D86B8B53}"
EndProject
Project("{FAE04EC0-301F-11D3-BF4B-00C04F79EFBC}") = "NB.SupportPackages.Entities", "NB.SupportPackages.Entities\NB.SupportPackages.Entities.csproj", "{B8C06373-CF2E-426F-B2C4-5913C41DB16A}"
EndProject
Global
	GlobalSection(SolutionConfigurationPlatforms) = preSolution
		Debug|Any CPU = Debug|Any CPU
		Release|Any CPU = Release|Any CPU
	EndGlobalSection
	GlobalSection(ProjectConfigurationPlatforms) = postSolution
		{25F4CE60-98C5-42F8-83F9-9F92D86B8B53}.Debug|Any CPU.ActiveCfg = Debug|Any CPU
		{25F4CE60-98C5-42F8-83F9-9F92D86B8B53}.Debug|Any CPU.Build.0 = Debug|Any CPU
		{25F4CE60-98C5-42F8-83F9-9F92D86B8B53}.Release|Any CPU.ActiveCfg = Release|Any CPU
		{25F4CE60-98C5-42F8-83F9-9F92D86B8B53}.Release|Any CPU.Build.0 = Release|Any CPU
		{B8C06373-CF2E-426F-B2C4-5913C41DB16A}.Debug|Any CPU.ActiveCfg = Debug|Any CPU
		{B8C06373-CF2E-426F-B2C4-5913C41DB16A}.Debug|Any CPU.Build.0 = Debug|Any CPU
		{B8C06373-CF2E-426F-B2C4-5913C41DB16A}.Release|Any CPU.ActiveCfg = Release|Any CPU
		{B8C06373-CF2E-426F-B2C4-5913C41DB16A}.Release|Any CPU.Build.0 = Release|Any CPU
	EndGlobalSection
	GlobalSection(SolutionProperties) = preSolution
		HideSolutionNode = FALSE
	EndGlobalSection
	GlobalSection(ExtensibilityGlobals) = postSolution
		SolutionGuid = {35227C31-D57B-4AD9-ACE0-D21FBC01D195}
	EndGlobalSection
EndGlobal
